
Microsoft Visual Studio Solution File, Format Version 12.00
Project("{FAE04EC0-301F-11D3-BF4B-00C04F79EFBC}") = "MarketMoney.Domain", "MarketMoney.Domain\MarketMoney.Domain.csproj", "{2984AD9E-4AA3-4645-9E0D-4ABADFDD7AD6}"
EndProject
Project("{FAE04EC0-301F-11D3-BF4B-00C04F79EFBC}") = "MarketMoney.Data", "MarketMoney.Data\MarketMoney.Data.csproj", "{7ED1C280-384D-4962-9216-F693C6087C79}"
EndProject
Project("{FAE04EC0-301F-11D3-BF4B-00C04F79EFBC}") = "MarketMoney.MVC", "MarketMoney.MVC\MarketMoney.MVC.csproj", "{FCCD954E-AF2C-42C8-93B7-F79025450C66}"
EndProject
Global
	GlobalSection(SolutionConfigurationPlatforms) = preSolution
		Debug|Any CPU = Debug|Any CPU
		Release|Any CPU = Release|Any CPU
	EndGlobalSection
	GlobalSection(ProjectConfigurationPlatforms) = postSolution
		{2984AD9E-4AA3-4645-9E0D-4ABADFDD7AD6}.Debug|Any CPU.ActiveCfg = Debug|Any CPU
		{2984AD9E-4AA3-4645-9E0D-4ABADFDD7AD6}.Debug|Any CPU.Build.0 = Debug|Any CPU
		{2984AD9E-4AA3-4645-9E0D-4ABADFDD7AD6}.Release|Any CPU.ActiveCfg = Release|Any CPU
		{2984AD9E-4AA3-4645-9E0D-4ABADFDD7AD6}.Release|Any CPU.Build.0 = Release|Any CPU
		{7ED1C280-384D-4962-9216-F693C6087C79}.Debug|Any CPU.ActiveCfg = Debug|Any CPU
		{7ED1C280-384D-4962-9216-F693C6087C79}.Debug|Any CPU.Build.0 = Debug|Any CPU
		{7ED1C280-384D-4962-9216-F693C6087C79}.Release|Any CPU.ActiveCfg = Release|Any CPU
		{7ED1C280-384D-4962-9216-F693C6087C79}.Release|Any CPU.Build.0 = Release|Any CPU
		{FCCD954E-AF2C-42C8-93B7-F79025450C66}.Debug|Any CPU.ActiveCfg = Debug|Any CPU
		{FCCD954E-AF2C-42C8-93B7-F79025450C66}.Debug|Any CPU.Build.0 = Debug|Any CPU
		{FCCD954E-AF2C-42C8-93B7-F79025450C66}.Release|Any CPU.ActiveCfg = Release|Any CPU
		{FCCD954E-AF2C-42C8-93B7-F79025450C66}.Release|Any CPU.Build.0 = Release|Any CPU
	EndGlobalSection
EndGlobal
